
Microsoft Visual Studio Solution File, Format Version 12.00
# Visual Studio Version 17
VisualStudioVersion = 17.2.32616.157
MinimumVisualStudioVersion = 10.0.40219.1
Project("{9A19103F-16F7-4668-BE54-9A1E7A4F7556}") = "CTFAK.GUI", "CTFAK.GUI\CTFAK.GUI.csproj", "{4E377D54-2A76-49A1-9177-AD5FA448FE97}"
EndProject
Project("{9A19103F-16F7-4668-BE54-9A1E7A4F7556}") = "CTFAK.Core", "..\CTFAK2.0\Core\CTFAK.Core\CTFAK.Core.csproj", "{7F1390DF-4BCE-476D-BA18-8CED8FE77E37}"
EndProject
Global
	GlobalSection(SolutionConfigurationPlatforms) = preSolution
		Debug|Any CPU = Debug|Any CPU
		Debug|x64 = Debug|x64
		Release|Any CPU = Release|Any CPU
		Release|x64 = Release|x64
	EndGlobalSection
	GlobalSection(ProjectConfigurationPlatforms) = postSolution
		{4E377D54-2A76-49A1-9177-AD5FA448FE97}.Debug|Any CPU.ActiveCfg = Debug|Any CPU
		{4E377D54-2A76-49A1-9177-AD5FA448FE97}.Debug|Any CPU.Build.0 = Debug|Any CPU
		{4E377D54-2A76-49A1-9177-AD5FA448FE97}.Debug|x64.ActiveCfg = Debug|x64
		{4E377D54-2A76-49A1-9177-AD5FA448FE97}.Debug|x64.Build.0 = Debug|x64
		{4E377D54-2A76-49A1-9177-AD5FA448FE97}.Release|Any CPU.ActiveCfg = Release|Any CPU
		{4E377D54-2A76-49A1-9177-AD5FA448FE97}.Release|Any CPU.Build.0 = Release|Any CPU
		{4E377D54-2A76-49A1-9177-AD5FA448FE97}.Release|x64.ActiveCfg = Release|x64
		{4E377D54-2A76-49A1-9177-AD5FA448FE97}.Release|x64.Build.0 = Release|x64
		{7F1390DF-4BCE-476D-BA18-8CED8FE77E37}.Debug|Any CPU.ActiveCfg = Debug|Any CPU
		{7F1390DF-4BCE-476D-BA18-8CED8FE77E37}.Debug|Any CPU.Build.0 = Debug|Any CPU
		{7F1390DF-4BCE-476D-BA18-8CED8FE77E37}.Debug|x64.ActiveCfg = Debug|Any CPU
		{7F1390DF-4BCE-476D-BA18-8CED8FE77E37}.Debug|x64.Build.0 = Debug|Any CPU
		{7F1390DF-4BCE-476D-BA18-8CED8FE77E37}.Release|Any CPU.ActiveCfg = Release|Any CPU
		{7F1390DF-4BCE-476D-BA18-8CED8FE77E37}.Release|Any CPU.Build.0 = Release|Any CPU
		{7F1390DF-4BCE-476D-BA18-8CED8FE77E37}.Release|x64.ActiveCfg = Release|Any CPU
		{7F1390DF-4BCE-476D-BA18-8CED8FE77E37}.Release|x64.Build.0 = Release|Any CPU
	EndGlobalSection
	GlobalSection(SolutionProperties) = preSolution
		HideSolutionNode = FALSE
	EndGlobalSection
	GlobalSection(ExtensibilityGlobals) = postSolution
		SolutionGuid = {134C760B-F7C1-41C4-A491-956D90B2A005}
	EndGlobalSection
EndGlobal
